// !$*UTF8*$!
{
	archiveVersion = 1;
	classes = {
	};
	objectVersion = 46;
	objects = {

/* Begin PBXBuildFile section */
		640095F71F0BC37F006AE391 /* CollectionViewCell.swift in Sources */ = {isa = PBXBuildFile; fileRef = 640095F61F0BC37F006AE391 /* CollectionViewCell.swift */; };
		644F27AA1F0BF039004AD5AD /* RoundedCornersView.swift in Sources */ = {isa = PBXBuildFile; fileRef = 644F27A91F0BF039004AD5AD /* RoundedCornersView.swift */; };
		B572E5EF1F0C20D100540F7C /* PinterestHeader.swift in Sources */ = {isa = PBXBuildFile; fileRef = B572E5EE1F0C20D100540F7C /* PinterestHeader.swift */; };
		B5A3F3611F0FDFD3008E44BF /* CustomCollectionVC.swift in Sources */ = {isa = PBXBuildFile; fileRef = B5A3F3601F0FDFD3008E44BF /* CustomCollectionVC.swift */; };
		B5A3F3631F0FE119008E44BF /* PinterestVC.swift in Sources */ = {isa = PBXBuildFile; fileRef = B5A3F3621F0FE119008E44BF /* PinterestVC.swift */; };
		B5A3F3641F0FE1C2008E44BF /* PinterestLayout.swift in Sources */ = {isa = PBXBuildFile; fileRef = B5CF9EF21F0BB1D200DAA3B7 /* PinterestLayout.swift */; };
		B5A3F3651F0FE1D1008E44BF /* PinterestCell.swift in Sources */ = {isa = PBXBuildFile; fileRef = 646640331F0F99470076207D /* PinterestCell.swift */; };
		B5A3F3661F0FE1D4008E44BF /* Help.swift in Sources */ = {isa = PBXBuildFile; fileRef = 646640371F0FD05A0076207D /* Help.swift */; };
		B5A3F36A1F0FE241008E44BF /* PinterestLayoutDelegate.swift in Sources */ = {isa = PBXBuildFile; fileRef = B5A3F3691F0FE241008E44BF /* PinterestLayoutDelegate.swift */; };
		B5A3F36C1F0FE25F008E44BF /* PinterestLayoutAttributes.swift in Sources */ = {isa = PBXBuildFile; fileRef = B5A3F36B1F0FE25F008E44BF /* PinterestLayoutAttributes.swift */; };
		B5AFCBAC1F0BB16F00CB71B5 /* PinterestLayout.h in Headers */ = {isa = PBXBuildFile; fileRef = B5AFCBAA1F0BB16F00CB71B5 /* PinterestLayout.h */; settings = {ATTRIBUTES = (Public, ); }; };
		B5CF9EDE1F0BB19500DAA3B7 /* AppDelegate.swift in Sources */ = {isa = PBXBuildFile; fileRef = B5CF9EDD1F0BB19500DAA3B7 /* AppDelegate.swift */; };
		B5CF9EE01F0BB19500DAA3B7 /* MyPinterestVC.swift in Sources */ = {isa = PBXBuildFile; fileRef = B5CF9EDF1F0BB19500DAA3B7 /* MyPinterestVC.swift */; };
		B5CF9EE31F0BB19500DAA3B7 /* Main.storyboard in Resources */ = {isa = PBXBuildFile; fileRef = B5CF9EE11F0BB19500DAA3B7 /* Main.storyboard */; };
		B5CF9EE51F0BB19500DAA3B7 /* Assets.xcassets in Resources */ = {isa = PBXBuildFile; fileRef = B5CF9EE41F0BB19500DAA3B7 /* Assets.xcassets */; };
		B5CF9EE81F0BB19500DAA3B7 /* LaunchScreen.storyboard in Resources */ = {isa = PBXBuildFile; fileRef = B5CF9EE61F0BB19500DAA3B7 /* LaunchScreen.storyboard */; };
		B5CF9EED1F0BB1A800DAA3B7 /* PinterestLayout.framework in Frameworks */ = {isa = PBXBuildFile; fileRef = B5AFCBA71F0BB16F00CB71B5 /* PinterestLayout.framework */; };
		B5CF9EEE1F0BB1A800DAA3B7 /* PinterestLayout.framework in Embed Frameworks */ = {isa = PBXBuildFile; fileRef = B5AFCBA71F0BB16F00CB71B5 /* PinterestLayout.framework */; settings = {ATTRIBUTES = (CodeSignOnCopy, RemoveHeadersOnCopy, ); }; };
		B5DBA8031F0FFDFB00C857B7 /* Demo_1.gif in Resources */ = {isa = PBXBuildFile; fileRef = B5DBA8011F0FFDFB00C857B7 /* Demo_1.gif */; };
		B5DBA8041F0FFDFB00C857B7 /* Demo_2.gif in Resources */ = {isa = PBXBuildFile; fileRef = B5DBA8021F0FFDFB00C857B7 /* Demo_2.gif */; };
/* End PBXBuildFile section */

/* Begin PBXContainerItemProxy section */
		B5CF9EEF1F0BB1A800DAA3B7 /* PBXContainerItemProxy */ = {
			isa = PBXContainerItemProxy;
			containerPortal = B5AFCB9E1F0BB16F00CB71B5 /* Project object */;
			proxyType = 1;
			remoteGlobalIDString = B5AFCBA61F0BB16F00CB71B5;
			remoteInfo = PinterestLayout;
		};
/* End PBXContainerItemProxy section */

/* Begin PBXCopyFilesBuildPhase section */
		B5CF9EF11F0BB1A800DAA3B7 /* Embed Frameworks */ = {
			isa = PBXCopyFilesBuildPhase;
			buildActionMask = 2147483647;
			dstPath = "";
			dstSubfolderSpec = 10;
			files = (
				B5CF9EEE1F0BB1A800DAA3B7 /* PinterestLayout.framework in Embed Frameworks */,
			);
			name = "Embed Frameworks";
			runOnlyForDeploymentPostprocessing = 0;
		};
/* End PBXCopyFilesBuildPhase section */

/* Begin PBXFileReference section */
		640095F61F0BC37F006AE391 /* CollectionViewCell.swift */ = {isa = PBXFileReference; fileEncoding = 4; lastKnownFileType = sourcecode.swift; path = CollectionViewCell.swift; sourceTree = "<group>"; };
		644F27A91F0BF039004AD5AD /* RoundedCornersView.swift */ = {isa = PBXFileReference; fileEncoding = 4; lastKnownFileType = sourcecode.swift; path = RoundedCornersView.swift; sourceTree = "<group>"; };
		646640331F0F99470076207D /* PinterestCell.swift */ = {isa = PBXFileReference; fileEncoding = 4; lastKnownFileType = sourcecode.swift; path = PinterestCell.swift; sourceTree = "<group>"; };
		646640371F0FD05A0076207D /* Help.swift */ = {isa = PBXFileReference; fileEncoding = 4; lastKnownFileType = sourcecode.swift; path = Help.swift; sourceTree = "<group>"; };
		B572E5EE1F0C20D100540F7C /* PinterestHeader.swift */ = {isa = PBXFileReference; fileEncoding = 4; lastKnownFileType = sourcecode.swift; path = PinterestHeader.swift; sourceTree = "<group>"; };
		B5A3F3601F0FDFD3008E44BF /* CustomCollectionVC.swift */ = {isa = PBXFileReference; fileEncoding = 4; lastKnownFileType = sourcecode.swift; path = CustomCollectionVC.swift; sourceTree = "<group>"; };
		B5A3F3621F0FE119008E44BF /* PinterestVC.swift */ = {isa = PBXFileReference; fileEncoding = 4; lastKnownFileType = sourcecode.swift; path = PinterestVC.swift; sourceTree = "<group>"; };
		B5A3F3691F0FE241008E44BF /* PinterestLayoutDelegate.swift */ = {isa = PBXFileReference; fileEncoding = 4; lastKnownFileType = sourcecode.swift; path = PinterestLayoutDelegate.swift; sourceTree = "<group>"; };
		B5A3F36B1F0FE25F008E44BF /* PinterestLayoutAttributes.swift */ = {isa = PBXFileReference; fileEncoding = 4; lastKnownFileType = sourcecode.swift; path = PinterestLayoutAttributes.swift; sourceTree = "<group>"; };
		B5AFCBA71F0BB16F00CB71B5 /* PinterestLayout.framework */ = {isa = PBXFileReference; explicitFileType = wrapper.framework; includeInIndex = 0; path = PinterestLayout.framework; sourceTree = BUILT_PRODUCTS_DIR; };
		B5AFCBAA1F0BB16F00CB71B5 /* PinterestLayout.h */ = {isa = PBXFileReference; lastKnownFileType = sourcecode.c.h; path = PinterestLayout.h; sourceTree = "<group>"; };
		B5AFCBAB1F0BB16F00CB71B5 /* Info.plist */ = {isa = PBXFileReference; lastKnownFileType = text.plist.xml; path = Info.plist; sourceTree = "<group>"; };
		B5CF9EDB1F0BB19500DAA3B7 /* PinterestLayoutExample.app */ = {isa = PBXFileReference; explicitFileType = wrapper.application; includeInIndex = 0; path = PinterestLayoutExample.app; sourceTree = BUILT_PRODUCTS_DIR; };
		B5CF9EDD1F0BB19500DAA3B7 /* AppDelegate.swift */ = {isa = PBXFileReference; lastKnownFileType = sourcecode.swift; path = AppDelegate.swift; sourceTree = "<group>"; };
		B5CF9EDF1F0BB19500DAA3B7 /* MyPinterestVC.swift */ = {isa = PBXFileReference; lastKnownFileType = sourcecode.swift; path = MyPinterestVC.swift; sourceTree = "<group>"; };
		B5CF9EE21F0BB19500DAA3B7 /* Base */ = {isa = PBXFileReference; lastKnownFileType = file.storyboard; name = Base; path = Base.lproj/Main.storyboard; sourceTree = "<group>"; };
		B5CF9EE41F0BB19500DAA3B7 /* Assets.xcassets */ = {isa = PBXFileReference; lastKnownFileType = folder.assetcatalog; name = Assets.xcassets; path = PinterestLayoutExample/Assets.xcassets; sourceTree = SOURCE_ROOT; };
		B5CF9EE71F0BB19500DAA3B7 /* Base */ = {isa = PBXFileReference; lastKnownFileType = file.storyboard; name = Base; path = Base.lproj/LaunchScreen.storyboard; sourceTree = "<group>"; };
		B5CF9EE91F0BB19500DAA3B7 /* Info.plist */ = {isa = PBXFileReference; lastKnownFileType = text.plist.xml; path = Info.plist; sourceTree = "<group>"; };
		B5CF9EF21F0BB1D200DAA3B7 /* PinterestLayout.swift */ = {isa = PBXFileReference; fileEncoding = 4; lastKnownFileType = sourcecode.swift; path = PinterestLayout.swift; sourceTree = "<group>"; };
		B5DBA8011F0FFDFB00C857B7 /* Demo_1.gif */ = {isa = PBXFileReference; lastKnownFileType = image.gif; path = Demo_1.gif; sourceTree = "<group>"; };
		B5DBA8021F0FFDFB00C857B7 /* Demo_2.gif */ = {isa = PBXFileReference; lastKnownFileType = image.gif; path = Demo_2.gif; sourceTree = "<group>"; };
/* End PBXFileReference section */

/* Begin PBXFrameworksBuildPhase section */
		B5AFCBA31F0BB16F00CB71B5 /* Frameworks */ = {
			isa = PBXFrameworksBuildPhase;
			buildActionMask = 2147483647;
			files = (
			);
			runOnlyForDeploymentPostprocessing = 0;
		};
		B5CF9ED81F0BB19500DAA3B7 /* Frameworks */ = {
			isa = PBXFrameworksBuildPhase;
			buildActionMask = 2147483647;
			files = (
				B5CF9EED1F0BB1A800DAA3B7 /* PinterestLayout.framework in Frameworks */,
			);
			runOnlyForDeploymentPostprocessing = 0;
		};
/* End PBXFrameworksBuildPhase section */

/* Begin PBXGroup section */
		640095F41F0BC340006AE391 /* UI */ = {
			isa = PBXGroup;
			children = (
				640095F51F0BC34D006AE391 /* Views */,
				B5CF9EE11F0BB19500DAA3B7 /* Main.storyboard */,
				B5CF9EE61F0BB19500DAA3B7 /* LaunchScreen.storyboard */,
			);
			name = UI;
			sourceTree = "<group>";
		};
		640095F51F0BC34D006AE391 /* Views */ = {
			isa = PBXGroup;
			children = (
				640095F61F0BC37F006AE391 /* CollectionViewCell.swift */,
				644F27A91F0BF039004AD5AD /* RoundedCornersView.swift */,
				B572E5EE1F0C20D100540F7C /* PinterestHeader.swift */,
			);
			name = Views;
			sourceTree = "<group>";
		};
		640095F81F0BC3E8006AE391 /* Recourses */ = {
			isa = PBXGroup;
			children = (
				B5DBA8001F0FFDD800C857B7 /* DemoAssets */,
				B5CF9EE41F0BB19500DAA3B7 /* Assets.xcassets */,
			);
			name = Recourses;
			path = ../PinterestLayout;
			sourceTree = "<group>";
		};
		B572E5ED1F0C0D5500540F7C /* Supporting Files */ = {
			isa = PBXGroup;
			children = (
				B5CF9EE91F0BB19500DAA3B7 /* Info.plist */,
			);
			name = "Supporting Files";
			sourceTree = "<group>";
		};
		B5AFCB9D1F0BB16F00CB71B5 = {
			isa = PBXGroup;
			children = (
				B5AFCBA91F0BB16F00CB71B5 /* PinterestLayout */,
				B5CF9EDC1F0BB19500DAA3B7 /* PinterestLayoutExample */,
				B5AFCBA81F0BB16F00CB71B5 /* Products */,
			);
			sourceTree = "<group>";
		};
		B5AFCBA81F0BB16F00CB71B5 /* Products */ = {
			isa = PBXGroup;
			children = (
				B5AFCBA71F0BB16F00CB71B5 /* PinterestLayout.framework */,
				B5CF9EDB1F0BB19500DAA3B7 /* PinterestLayoutExample.app */,
			);
			name = Products;
			sourceTree = "<group>";
		};
		B5AFCBA91F0BB16F00CB71B5 /* PinterestLayout */ = {
			isa = PBXGroup;
			children = (
				B5AFCBAA1F0BB16F00CB71B5 /* PinterestLayout.h */,
				B5A3F3691F0FE241008E44BF /* PinterestLayoutDelegate.swift */,
				B5A3F36B1F0FE25F008E44BF /* PinterestLayoutAttributes.swift */,
				B5CF9EF21F0BB1D200DAA3B7 /* PinterestLayout.swift */,
				B5A3F3621F0FE119008E44BF /* PinterestVC.swift */,
				646640331F0F99470076207D /* PinterestCell.swift */,
				646640371F0FD05A0076207D /* Help.swift */,
				B5AFCBAB1F0BB16F00CB71B5 /* Info.plist */,
			);
			path = PinterestLayout;
			sourceTree = "<group>";
		};
		B5CF9EDC1F0BB19500DAA3B7 /* PinterestLayoutExample */ = {
			isa = PBXGroup;
			children = (
				B5CF9EDD1F0BB19500DAA3B7 /* AppDelegate.swift */,
				B5CF9EDF1F0BB19500DAA3B7 /* MyPinterestVC.swift */,
				B5A3F3601F0FDFD3008E44BF /* CustomCollectionVC.swift */,
				640095F41F0BC340006AE391 /* UI */,
				640095F81F0BC3E8006AE391 /* Recourses */,
				B572E5ED1F0C0D5500540F7C /* Supporting Files */,
			);
			path = PinterestLayoutExample;
			sourceTree = "<group>";
		};
		B5DBA8001F0FFDD800C857B7 /* DemoAssets */ = {
			isa = PBXGroup;
			children = (
				B5DBA8011F0FFDFB00C857B7 /* Demo_1.gif */,
				B5DBA8021F0FFDFB00C857B7 /* Demo_2.gif */,
			);
			name = DemoAssets;
			path = ../PinterestLayoutExample/DemoAssets;
			sourceTree = "<group>";
		};
/* End PBXGroup section */

/* Begin PBXHeadersBuildPhase section */
		B5AFCBA41F0BB16F00CB71B5 /* Headers */ = {
			isa = PBXHeadersBuildPhase;
			buildActionMask = 2147483647;
			files = (
				B5AFCBAC1F0BB16F00CB71B5 /* PinterestLayout.h in Headers */,
			);
			runOnlyForDeploymentPostprocessing = 0;
		};
/* End PBXHeadersBuildPhase section */

/* Begin PBXNativeTarget section */
		B5AFCBA61F0BB16F00CB71B5 /* PinterestLayout */ = {
			isa = PBXNativeTarget;
			buildConfigurationList = B5AFCBAF1F0BB16F00CB71B5 /* Build configuration list for PBXNativeTarget "PinterestLayout" */;
			buildPhases = (
				B5AFCBA21F0BB16F00CB71B5 /* Sources */,
				B5AFCBA31F0BB16F00CB71B5 /* Frameworks */,
				B5AFCBA41F0BB16F00CB71B5 /* Headers */,
				B5AFCBA51F0BB16F00CB71B5 /* Resources */,
			);
			buildRules = (
			);
			dependencies = (
			);
			name = PinterestLayout;
			productName = PinterestLayout;
			productReference = B5AFCBA71F0BB16F00CB71B5 /* PinterestLayout.framework */;
			productType = "com.apple.product-type.framework";
		};
		B5CF9EDA1F0BB19500DAA3B7 /* PinterestLayoutExample */ = {
			isa = PBXNativeTarget;
			buildConfigurationList = B5CF9EEC1F0BB19500DAA3B7 /* Build configuration list for PBXNativeTarget "PinterestLayoutExample" */;
			buildPhases = (
				B5CF9ED71F0BB19500DAA3B7 /* Sources */,
				B5CF9ED81F0BB19500DAA3B7 /* Frameworks */,
				B5CF9ED91F0BB19500DAA3B7 /* Resources */,
				B5CF9EF11F0BB1A800DAA3B7 /* Embed Frameworks */,
			);
			buildRules = (
			);
			dependencies = (
				B5CF9EF01F0BB1A800DAA3B7 /* PBXTargetDependency */,
			);
			name = PinterestLayoutExample;
			productName = PinterestLayoutExample;
			productReference = B5CF9EDB1F0BB19500DAA3B7 /* PinterestLayoutExample.app */;
			productType = "com.apple.product-type.application";
		};
/* End PBXNativeTarget section */

/* Begin PBXProject section */
		B5AFCB9E1F0BB16F00CB71B5 /* Project object */ = {
			isa = PBXProject;
			attributes = {
				LastSwiftUpdateCheck = 0830;
				LastUpgradeCheck = 0830;
				ORGANIZATIONNAME = MagicLab;
				TargetAttributes = {
					B5AFCBA61F0BB16F00CB71B5 = {
						CreatedOnToolsVersion = 8.3.3;
						DevelopmentTeam = SWXVWAU9H9;
						LastSwiftMigration = 0830;
						ProvisioningStyle = Automatic;
					};
					B5CF9EDA1F0BB19500DAA3B7 = {
						CreatedOnToolsVersion = 8.3.3;
						DevelopmentTeam = SWXVWAU9H9;
						ProvisioningStyle = Automatic;
					};
				};
			};
			buildConfigurationList = B5AFCBA11F0BB16F00CB71B5 /* Build configuration list for PBXProject "PinterestLayout" */;
			compatibilityVersion = "Xcode 3.2";
			developmentRegion = English;
			hasScannedForEncodings = 0;
			knownRegions = (
				English,
				en,
				Base,
			);
			mainGroup = B5AFCB9D1F0BB16F00CB71B5;
			productRefGroup = B5AFCBA81F0BB16F00CB71B5 /* Products */;
			projectDirPath = "";
			projectRoot = "";
			targets = (
				B5AFCBA61F0BB16F00CB71B5 /* PinterestLayout */,
				B5CF9EDA1F0BB19500DAA3B7 /* PinterestLayoutExample */,
			);
		};
/* End PBXProject section */

/* Begin PBXResourcesBuildPhase section */
		B5AFCBA51F0BB16F00CB71B5 /* Resources */ = {
			isa = PBXResourcesBuildPhase;
			buildActionMask = 2147483647;
			files = (
			);
			runOnlyForDeploymentPostprocessing = 0;
		};
		B5CF9ED91F0BB19500DAA3B7 /* Resources */ = {
			isa = PBXResourcesBuildPhase;
			buildActionMask = 2147483647;
			files = (
				B5CF9EE81F0BB19500DAA3B7 /* LaunchScreen.storyboard in Resources */,
				B5DBA8041F0FFDFB00C857B7 /* Demo_2.gif in Resources */,
				B5CF9EE51F0BB19500DAA3B7 /* Assets.xcassets in Resources */,
				B5CF9EE31F0BB19500DAA3B7 /* Main.storyboard in Resources */,
				B5DBA8031F0FFDFB00C857B7 /* Demo_1.gif in Resources */,
			);
			runOnlyForDeploymentPostprocessing = 0;
		};
/* End PBXResourcesBuildPhase section */

/* Begin PBXSourcesBuildPhase section */
		B5AFCBA21F0BB16F00CB71B5 /* Sources */ = {
			isa = PBXSourcesBuildPhase;
			buildActionMask = 2147483647;
			files = (
				B5A3F3651F0FE1D1008E44BF /* PinterestCell.swift in Sources */,
				B5A3F3641F0FE1C2008E44BF /* PinterestLayout.swift in Sources */,
				B5A3F3631F0FE119008E44BF /* PinterestVC.swift in Sources */,
				B5A3F36A1F0FE241008E44BF /* PinterestLayoutDelegate.swift in Sources */,
				B5A3F36C1F0FE25F008E44BF /* PinterestLayoutAttributes.swift in Sources */,
				B5A3F3661F0FE1D4008E44BF /* Help.swift in Sources */,
			);
			runOnlyForDeploymentPostprocessing = 0;
		};
		B5CF9ED71F0BB19500DAA3B7 /* Sources */ = {
			isa = PBXSourcesBuildPhase;
			buildActionMask = 2147483647;
			files = (
				B5CF9EE01F0BB19500DAA3B7 /* MyPinterestVC.swift in Sources */,
				B5CF9EDE1F0BB19500DAA3B7 /* AppDelegate.swift in Sources */,
				B5A3F3611F0FDFD3008E44BF /* CustomCollectionVC.swift in Sources */,
				640095F71F0BC37F006AE391 /* CollectionViewCell.swift in Sources */,
				644F27AA1F0BF039004AD5AD /* RoundedCornersView.swift in Sources */,
				B572E5EF1F0C20D100540F7C /* PinterestHeader.swift in Sources */,
			);
			runOnlyForDeploymentPostprocessing = 0;
		};
/* End PBXSourcesBuildPhase section */

/* Begin PBXTargetDependency section */
		B5CF9EF01F0BB1A800DAA3B7 /* PBXTargetDependency */ = {
			isa = PBXTargetDependency;
			target = B5AFCBA61F0BB16F00CB71B5 /* PinterestLayout */;
			targetProxy = B5CF9EEF1F0BB1A800DAA3B7 /* PBXContainerItemProxy */;
		};
/* End PBXTargetDependency section */

/* Begin PBXVariantGroup section */
		B5CF9EE11F0BB19500DAA3B7 /* Main.storyboard */ = {
			isa = PBXVariantGroup;
			children = (
				B5CF9EE21F0BB19500DAA3B7 /* Base */,
			);
			name = Main.storyboard;
			sourceTree = "<group>";
		};
		B5CF9EE61F0BB19500DAA3B7 /* LaunchScreen.storyboard */ = {
			isa = PBXVariantGroup;
			children = (
				B5CF9EE71F0BB19500DAA3B7 /* Base */,
			);
			name = LaunchScreen.storyboard;
			sourceTree = "<group>";
		};
/* End PBXVariantGroup section */

/* Begin XCBuildConfiguration section */
		B5AFCBAD1F0BB16F00CB71B5 /* Debug */ = {
			isa = XCBuildConfiguration;
			buildSettings = {
				ALWAYS_SEARCH_USER_PATHS = NO;
				CLANG_ANALYZER_NONNULL = YES;
				CLANG_ANALYZER_NUMBER_OBJECT_CONVERSION = YES_AGGRESSIVE;
				CLANG_CXX_LANGUAGE_STANDARD = "gnu++0x";
				CLANG_CXX_LIBRARY = "libc++";
				CLANG_ENABLE_MODULES = YES;
				CLANG_ENABLE_OBJC_ARC = YES;
				CLANG_WARN_BOOL_CONVERSION = YES;
				CLANG_WARN_CONSTANT_CONVERSION = YES;
				CLANG_WARN_DIRECT_OBJC_ISA_USAGE = YES_ERROR;
				CLANG_WARN_DOCUMENTATION_COMMENTS = YES;
				CLANG_WARN_EMPTY_BODY = YES;
				CLANG_WARN_ENUM_CONVERSION = YES;
				CLANG_WARN_INFINITE_RECURSION = YES;
				CLANG_WARN_INT_CONVERSION = YES;
				CLANG_WARN_OBJC_ROOT_CLASS = YES_ERROR;
				CLANG_WARN_SUSPICIOUS_MOVE = YES;
				CLANG_WARN_UNREACHABLE_CODE = YES;
				CLANG_WARN__DUPLICATE_METHOD_MATCH = YES;
				"CODE_SIGN_IDENTITY[sdk=iphoneos*]" = "iPhone Developer";
				COPY_PHASE_STRIP = NO;
				CURRENT_PROJECT_VERSION = 1;
				DEBUG_INFORMATION_FORMAT = dwarf;
				ENABLE_STRICT_OBJC_MSGSEND = YES;
				ENABLE_TESTABILITY = YES;
				GCC_C_LANGUAGE_STANDARD = gnu99;
				GCC_DYNAMIC_NO_PIC = NO;
				GCC_NO_COMMON_BLOCKS = YES;
				GCC_OPTIMIZATION_LEVEL = 0;
				GCC_PREPROCESSOR_DEFINITIONS = (
					"DEBUG=1",
					"$(inherited)",
				);
				GCC_WARN_64_TO_32_BIT_CONVERSION = YES;
				GCC_WARN_ABOUT_RETURN_TYPE = YES_ERROR;
				GCC_WARN_UNDECLARED_SELECTOR = YES;
				GCC_WARN_UNINITIALIZED_AUTOS = YES_AGGRESSIVE;
				GCC_WARN_UNUSED_FUNCTION = YES;
				GCC_WARN_UNUSED_VARIABLE = YES;
				IPHONEOS_DEPLOYMENT_TARGET = 10.3;
				MTL_ENABLE_DEBUG_INFO = YES;
				ONLY_ACTIVE_ARCH = YES;
				SDKROOT = iphoneos;
				SWIFT_ACTIVE_COMPILATION_CONDITIONS = DEBUG;
				SWIFT_OPTIMIZATION_LEVEL = "-Onone";
				TARGETED_DEVICE_FAMILY = "1,2";
				VERSIONING_SYSTEM = "apple-generic";
				VERSION_INFO_PREFIX = "";
			};
			name = Debug;
		};
		B5AFCBAE1F0BB16F00CB71B5 /* Release */ = {
			isa = XCBuildConfiguration;
			buildSettings = {
				ALWAYS_SEARCH_USER_PATHS = NO;
				CLANG_ANALYZER_NONNULL = YES;
				CLANG_ANALYZER_NUMBER_OBJECT_CONVERSION = YES_AGGRESSIVE;
				CLANG_CXX_LANGUAGE_STANDARD = "gnu++0x";
				CLANG_CXX_LIBRARY = "libc++";
				CLANG_ENABLE_MODULES = YES;
				CLANG_ENABLE_OBJC_ARC = YES;
				CLANG_WARN_BOOL_CONVERSION = YES;
				CLANG_WARN_CONSTANT_CONVERSION = YES;
				CLANG_WARN_DIRECT_OBJC_ISA_USAGE = YES_ERROR;
				CLANG_WARN_DOCUMENTATION_COMMENTS = YES;
				CLANG_WARN_EMPTY_BODY = YES;
				CLANG_WARN_ENUM_CONVERSION = YES;
				CLANG_WARN_INFINITE_RECURSION = YES;
				CLANG_WARN_INT_CONVERSION = YES;
				CLANG_WARN_OBJC_ROOT_CLASS = YES_ERROR;
				CLANG_WARN_SUSPICIOUS_MOVE = YES;
				CLANG_WARN_UNREACHABLE_CODE = YES;
				CLANG_WARN__DUPLICATE_METHOD_MATCH = YES;
				"CODE_SIGN_IDENTITY[sdk=iphoneos*]" = "iPhone Developer";
				COPY_PHASE_STRIP = NO;
				CURRENT_PROJECT_VERSION = 1;
				DEBUG_INFORMATION_FORMAT = "dwarf-with-dsym";
				ENABLE_NS_ASSERTIONS = NO;
				ENABLE_STRICT_OBJC_MSGSEND = YES;
				GCC_C_LANGUAGE_STANDARD = gnu99;
				GCC_NO_COMMON_BLOCKS = YES;
				GCC_WARN_64_TO_32_BIT_CONVERSION = YES;
				GCC_WARN_ABOUT_RETURN_TYPE = YES_ERROR;
				GCC_WARN_UNDECLARED_SELECTOR = YES;
				GCC_WARN_UNINITIALIZED_AUTOS = YES_AGGRESSIVE;
				GCC_WARN_UNUSED_FUNCTION = YES;
				GCC_WARN_UNUSED_VARIABLE = YES;
				IPHONEOS_DEPLOYMENT_TARGET = 10.3;
				MTL_ENABLE_DEBUG_INFO = NO;
				SDKROOT = iphoneos;
				SWIFT_OPTIMIZATION_LEVEL = "-Owholemodule";
				TARGETED_DEVICE_FAMILY = "1,2";
				VALIDATE_PRODUCT = YES;
				VERSIONING_SYSTEM = "apple-generic";
				VERSION_INFO_PREFIX = "";
			};
			name = Release;
		};
		B5AFCBB01F0BB16F00CB71B5 /* Debug */ = {
			isa = XCBuildConfiguration;
			buildSettings = {
				CLANG_ENABLE_MODULES = YES;
				CODE_SIGN_IDENTITY = "";
				DEFINES_MODULE = YES;
				DEVELOPMENT_TEAM = SWXVWAU9H9;
				DYLIB_COMPATIBILITY_VERSION = 1;
				DYLIB_CURRENT_VERSION = 1;
				DYLIB_INSTALL_NAME_BASE = "@rpath";
				INFOPLIST_FILE = PinterestLayout/Info.plist;
				INSTALL_PATH = "$(LOCAL_LIBRARY_DIR)/Frameworks";
				IPHONEOS_DEPLOYMENT_TARGET = 8.0;
				LD_RUNPATH_SEARCH_PATHS = "$(inherited) @executable_path/Frameworks @loader_path/Frameworks";
				PRODUCT_BUNDLE_IDENTIFIER = com.magiclab.PinterestLayout;
				PRODUCT_NAME = "$(TARGET_NAME)";
				SKIP_INSTALL = YES;
				SWIFT_OPTIMIZATION_LEVEL = "-Onone";
				SWIFT_VERSION = 4.2;
			};
			name = Debug;
		};
		B5AFCBB11F0BB16F00CB71B5 /* Release */ = {
			isa = XCBuildConfiguration;
			buildSettings = {
				CLANG_ENABLE_MODULES = YES;
				CODE_SIGN_IDENTITY = "";
				DEFINES_MODULE = YES;
				DEVELOPMENT_TEAM = SWXVWAU9H9;
				DYLIB_COMPATIBILITY_VERSION = 1;
				DYLIB_CURRENT_VERSION = 1;
				DYLIB_INSTALL_NAME_BASE = "@rpath";
				INFOPLIST_FILE = PinterestLayout/Info.plist;
				INSTALL_PATH = "$(LOCAL_LIBRARY_DIR)/Frameworks";
				IPHONEOS_DEPLOYMENT_TARGET = 8.0;
				LD_RUNPATH_SEARCH_PATHS = "$(inherited) @executable_path/Frameworks @loader_path/Frameworks";
				PRODUCT_BUNDLE_IDENTIFIER = com.magiclab.PinterestLayout;
				PRODUCT_NAME = "$(TARGET_NAME)";
				SKIP_INSTALL = YES;
				SWIFT_VERSION = 4.2;
			};
			name = Release;
		};
		B5CF9EEA1F0BB19500DAA3B7 /* Debug */ = {
			isa = XCBuildConfiguration;
			buildSettings = {
				ALWAYS_EMBED_SWIFT_STANDARD_LIBRARIES = YES;
				ASSETCATALOG_COMPILER_APPICON_NAME = AppIcon;
				DEVELOPMENT_TEAM = SWXVWAU9H9;
				INFOPLIST_FILE = PinterestLayoutExample/Info.plist;
				IPHONEOS_DEPLOYMENT_TARGET = 8.0;
				LD_RUNPATH_SEARCH_PATHS = "$(inherited) @executable_path/Frameworks";
				PRODUCT_BUNDLE_IDENTIFIER = com.magiclab.PinterestLayoutExample;
				PRODUCT_NAME = "$(TARGET_NAME)";
				SWIFT_VERSION = 4.2;
			};
			name = Debug;
		};
		B5CF9EEB1F0BB19500DAA3B7 /* Release */ = {
			isa = XCBuildConfiguration;
			buildSettings = {
				ALWAYS_EMBED_SWIFT_STANDARD_LIBRARIES = YES;
				ASSETCATALOG_COMPILER_APPICON_NAME = AppIcon;
				DEVELOPMENT_TEAM = SWXVWAU9H9;
				INFOPLIST_FILE = PinterestLayoutExample/Info.plist;
				IPHONEOS_DEPLOYMENT_TARGET = 8.0;
				LD_RUNPATH_SEARCH_PATHS = "$(inherited) @executable_path/Frameworks";
				PRODUCT_BUNDLE_IDENTIFIER = com.magiclab.PinterestLayoutExample;
				PRODUCT_NAME = "$(TARGET_NAME)";
				SWIFT_VERSION = 4.2;
			};
			name = Release;
		};
/* End XCBuildConfiguration section */

/* Begin XCConfigurationList section */
		B5AFCBA11F0BB16F00CB71B5 /* Build configuration list for PBXProject "PinterestLayout" */ = {
			isa = XCConfigurationList;
			buildConfigurations = (
				B5AFCBAD1F0BB16F00CB71B5 /* Debug */,
				B5AFCBAE1F0BB16F00CB71B5 /* Release */,
			);
			defaultConfigurationIsVisible = 0;
			defaultConfigurationName = Release;
		};
		B5AFCBAF1F0BB16F00CB71B5 /* Build configuration list for PBXNativeTarget "PinterestLayout" */ = {
			isa = XCConfigurationList;
			buildConfigurations = (
				B5AFCBB01F0BB16F00CB71B5 /* Debug */,
				B5AFCBB11F0BB16F00CB71B5 /* Release */,
			);
			defaultConfigurationIsVisible = 0;
			defaultConfigurationName = Release;
		};
		B5CF9EEC1F0BB19500DAA3B7 /* Build configuration list for PBXNativeTarget "PinterestLayoutExample" */ = {
			isa = XCConfigurationList;
			buildConfigurations = (
				B5CF9EEA1F0BB19500DAA3B7 /* Debug */,
				B5CF9EEB1F0BB19500DAA3B7 /* Release */,
			);
			defaultConfigurationIsVisible = 0;
			defaultConfigurationName = Release;
		};
/* End XCConfigurationList section */
	};
	rootObject = B5AFCB9E1F0BB16F00CB71B5 /* Project object */;
}
